
Microsoft Visual Studio Solution File, Format Version 12.00
# Visual Studio Version 17
VisualStudioVersion = 17.8.34511.84
MinimumVisualStudioVersion = 10.0.40219.1
Project("{FAE04EC0-301F-11D3-BF4B-00C04F79EFBC}") = "Comp10204", "Comp10204.csproj", "{9A55809C-5B0F-4344-9DC1-4564F1444972}"
EndProject
Global
	GlobalSection(SolutionConfigurationPlatforms) = preSolution
		Debug|Any CPU = Debug|Any CPU
		Release|Any CPU = Release|Any CPU
	EndGlobalSection
	GlobalSection(ProjectConfigurationPlatforms) = postSolution
		{9A55809C-5B0F-4344-9DC1-4564F1444972}.Debug|Any CPU.ActiveCfg = Debug|Any CPU
		{9A55809C-5B0F-4344-9DC1-4564F1444972}.Debug|Any CPU.Build.0 = Debug|Any CPU
		{9A55809C-5B0F-4344-9DC1-4564F1444972}.Release|Any CPU.ActiveCfg = Release|Any CPU
		{9A55809C-5B0F-4344-9DC1-4564F1444972}.Release|Any CPU.Build.0 = Release|Any CPU
	EndGlobalSection
	GlobalSection(SolutionProperties) = preSolution
		HideSolutionNode = FALSE
	EndGlobalSection
	GlobalSection(ExtensibilityGlobals) = postSolution
		SolutionGuid = {B18A4DC7-351B-49D5-AD03-6E471F3C847A}
	EndGlobalSection
EndGlobal
